
Microsoft Visual Studio Solution File, Format Version 12.00
# Visual Studio Version 16
VisualStudioVersion = 16.0.31112.23
MinimumVisualStudioVersion = 10.0.40219.1
Project("{FAE04EC0-301F-11D3-BF4B-00C04F79EFBC}") = "CircleObjectLab", "CircleObjectLab\CircleObjectLab.csproj", "{FEB24ADC-68E3-465A-AB33-22C009915060}"
EndProject
Global
	GlobalSection(SolutionConfigurationPlatforms) = preSolution
		Debug|Any CPU = Debug|Any CPU
		Release|Any CPU = Release|Any CPU
	EndGlobalSection
	GlobalSection(ProjectConfigurationPlatforms) = postSolution
		{FEB24ADC-68E3-465A-AB33-22C009915060}.Debug|Any CPU.ActiveCfg = Debug|Any CPU
		{FEB24ADC-68E3-465A-AB33-22C009915060}.Debug|Any CPU.Build.0 = Debug|Any CPU
		{FEB24ADC-68E3-465A-AB33-22C009915060}.Release|Any CPU.ActiveCfg = Release|Any CPU
		{FEB24ADC-68E3-465A-AB33-22C009915060}.Release|Any CPU.Build.0 = Release|Any CPU
	EndGlobalSection
	GlobalSection(SolutionProperties) = preSolution
		HideSolutionNode = FALSE
	EndGlobalSection
	GlobalSection(ExtensibilityGlobals) = postSolution
		SolutionGuid = {975DAE07-0B7D-4FF7-B69A-EBE32076D5D7}
	EndGlobalSection
EndGlobal
